// !$*UTF8*$!
{
	archiveVersion = 1;
	classes = {
	};
	objectVersion = 50;
	objects = {

/* Begin PBXBuildFile section */
		FDC47D91250D5EB1003E0A59 /* AppDelegate.swift in Sources */ = {isa = PBXBuildFile; fileRef = FDC47D90250D5EB1003E0A59 /* AppDelegate.swift */; };
		FDC47D93250D5EB1003E0A59 /* SceneDelegate.swift in Sources */ = {isa = PBXBuildFile; fileRef = FDC47D92250D5EB1003E0A59 /* SceneDelegate.swift */; };
		FDC47D95250D5EB1003E0A59 /* ContentView.swift in Sources */ = {isa = PBXBuildFile; fileRef = FDC47D94250D5EB1003E0A59 /* ContentView.swift */; };
		FDC47D97250D5EB2003E0A59 /* Assets.xcassets in Resources */ = {isa = PBXBuildFile; fileRef = FDC47D96250D5EB2003E0A59 /* Assets.xcassets */; };
		FDC47D9A250D5EB2003E0A59 /* Preview Assets.xcassets in Resources */ = {isa = PBXBuildFile; fileRef = FDC47D99250D5EB2003E0A59 /* Preview Assets.xcassets */; };
		FDC47D9D250D5EB2003E0A59 /* LaunchScreen.storyboard in Resources */ = {isa = PBXBuildFile; fileRef = FDC47D9B250D5EB2003E0A59 /* LaunchScreen.storyboard */; };
		FDC47DA8250D5EB2003E0A59 /* LandmarksTests.swift in Sources */ = {isa = PBXBuildFile; fileRef = FDC47DA7250D5EB2003E0A59 /* LandmarksTests.swift */; };
		FDC47DB3250D61C9003E0A59 /* CircleImage.swift in Sources */ = {isa = PBXBuildFile; fileRef = FDC47DB2250D61C9003E0A59 /* CircleImage.swift */; };
		FDC47DB5250D62E6003E0A59 /* MapView.swift in Sources */ = {isa = PBXBuildFile; fileRef = FDC47DB4250D62E6003E0A59 /* MapView.swift */; };
/* End PBXBuildFile section */

/* Begin PBXContainerItemProxy section */
		FDC47DA4250D5EB2003E0A59 /* PBXContainerItemProxy */ = {
			isa = PBXContainerItemProxy;
			containerPortal = FDC47D85250D5EB1003E0A59 /* Project object */;
			proxyType = 1;
			remoteGlobalIDString = FDC47D8C250D5EB1003E0A59;
			remoteInfo = Landmarks;
		};
/* End PBXContainerItemProxy section */

/* Begin PBXFileReference section */
		FDC47D8D250D5EB1003E0A59 /* Landmarks.app */ = {isa = PBXFileReference; explicitFileType = wrapper.application; includeInIndex = 0; path = Landmarks.app; sourceTree = BUILT_PRODUCTS_DIR; };
		FDC47D90250D5EB1003E0A59 /* AppDelegate.swift */ = {isa = PBXFileReference; lastKnownFileType = sourcecode.swift; path = AppDelegate.swift; sourceTree = "<group>"; };
		FDC47D92250D5EB1003E0A59 /* SceneDelegate.swift */ = {isa = PBXFileReference; lastKnownFileType = sourcecode.swift; path = SceneDelegate.swift; sourceTree = "<group>"; };
		FDC47D94250D5EB1003E0A59 /* ContentView.swift */ = {isa = PBXFileReference; lastKnownFileType = sourcecode.swift; path = ContentView.swift; sourceTree = "<group>"; };
		FDC47D96250D5EB2003E0A59 /* Assets.xcassets */ = {isa = PBXFileReference; lastKnownFileType = folder.assetcatalog; path = Assets.xcassets; sourceTree = "<group>"; };
		FDC47D99250D5EB2003E0A59 /* Preview Assets.xcassets */ = {isa = PBXFileReference; lastKnownFileType = folder.assetcatalog; path = "Preview Assets.xcassets"; sourceTree = "<group>"; };
		FDC47D9C250D5EB2003E0A59 /* Base */ = {isa = PBXFileReference; lastKnownFileType = file.storyboard; name = Base; path = Base.lproj/LaunchScreen.storyboard; sourceTree = "<group>"; };
		FDC47D9E250D5EB2003E0A59 /* Info.plist */ = {isa = PBXFileReference; lastKnownFileType = text.plist.xml; path = Info.plist; sourceTree = "<group>"; };
		FDC47DA3250D5EB2003E0A59 /* LandmarksTests.xctest */ = {isa = PBXFileReference; explicitFileType = wrapper.cfbundle; includeInIndex = 0; path = LandmarksTests.xctest; sourceTree = BUILT_PRODUCTS_DIR; };
		FDC47DA7250D5EB2003E0A59 /* LandmarksTests.swift */ = {isa = PBXFileReference; lastKnownFileType = sourcecode.swift; path = LandmarksTests.swift; sourceTree = "<group>"; };
		FDC47DA9250D5EB2003E0A59 /* Info.plist */ = {isa = PBXFileReference; lastKnownFileType = text.plist.xml; path = Info.plist; sourceTree = "<group>"; };
		FDC47DB2250D61C9003E0A59 /* CircleImage.swift */ = {isa = PBXFileReference; lastKnownFileType = sourcecode.swift; path = CircleImage.swift; sourceTree = "<group>"; };
		FDC47DB4250D62E6003E0A59 /* MapView.swift */ = {isa = PBXFileReference; lastKnownFileType = sourcecode.swift; path = MapView.swift; sourceTree = "<group>"; };
/* End PBXFileReference section */

/* Begin PBXFrameworksBuildPhase section */
		FDC47D8A250D5EB1003E0A59 /* Frameworks */ = {
			isa = PBXFrameworksBuildPhase;
			buildActionMask = 2147483647;
			files = (
			);
			runOnlyForDeploymentPostprocessing = 0;
		};
		FDC47DA0250D5EB2003E0A59 /* Frameworks */ = {
			isa = PBXFrameworksBuildPhase;
			buildActionMask = 2147483647;
			files = (
			);
			runOnlyForDeploymentPostprocessing = 0;
		};
/* End PBXFrameworksBuildPhase section */

/* Begin PBXGroup section */
		FDC47D84250D5EB1003E0A59 = {
			isa = PBXGroup;
			children = (
				FDC47D8F250D5EB1003E0A59 /* Landmarks */,
				FDC47DA6250D5EB2003E0A59 /* LandmarksTests */,
				FDC47D8E250D5EB1003E0A59 /* Products */,
			);
			sourceTree = "<group>";
		};
		FDC47D8E250D5EB1003E0A59 /* Products */ = {
			isa = PBXGroup;
			children = (
				FDC47D8D250D5EB1003E0A59 /* Landmarks.app */,
				FDC47DA3250D5EB2003E0A59 /* LandmarksTests.xctest */,
			);
			name = Products;
			sourceTree = "<group>";
		};
		FDC47D8F250D5EB1003E0A59 /* Landmarks */ = {
			isa = PBXGroup;
			children = (
				FDC47D90250D5EB1003E0A59 /* AppDelegate.swift */,
				FDC47D92250D5EB1003E0A59 /* SceneDelegate.swift */,
				FDC47D94250D5EB1003E0A59 /* ContentView.swift */,
				FDC47DB4250D62E6003E0A59 /* MapView.swift */,
				FDC47DB2250D61C9003E0A59 /* CircleImage.swift */,
				FDC47D96250D5EB2003E0A59 /* Assets.xcassets */,
				FDC47D9B250D5EB2003E0A59 /* LaunchScreen.storyboard */,
				FDC47D9E250D5EB2003E0A59 /* Info.plist */,
				FDC47D98250D5EB2003E0A59 /* Preview Content */,
			);
			path = Landmarks;
			sourceTree = "<group>";
		};
		FDC47D98250D5EB2003E0A59 /* Preview Content */ = {
			isa = PBXGroup;
			children = (
				FDC47D99250D5EB2003E0A59 /* Preview Assets.xcassets */,
			);
			path = "Preview Content";
			sourceTree = "<group>";
		};
		FDC47DA6250D5EB2003E0A59 /* LandmarksTests */ = {
			isa = PBXGroup;
			children = (
				FDC47DA7250D5EB2003E0A59 /* LandmarksTests.swift */,
				FDC47DA9250D5EB2003E0A59 /* Info.plist */,
			);
			path = LandmarksTests;
			sourceTree = "<group>";
		};
/* End PBXGroup section */

/* Begin PBXNativeTarget section */
		FDC47D8C250D5EB1003E0A59 /* Landmarks */ = {
			isa = PBXNativeTarget;
			buildConfigurationList = FDC47DAC250D5EB2003E0A59 /* Build configuration list for PBXNativeTarget "Landmarks" */;
			buildPhases = (
				FDC47D89250D5EB1003E0A59 /* Sources */,
				FDC47D8A250D5EB1003E0A59 /* Frameworks */,
				FDC47D8B250D5EB1003E0A59 /* Resources */,
			);
			buildRules = (
			);
			dependencies = (
			);
			name = Landmarks;
			productName = Landmarks;
			productReference = FDC47D8D250D5EB1003E0A59 /* Landmarks.app */;
			productType = "com.apple.product-type.application";
		};
		FDC47DA2250D5EB2003E0A59 /* LandmarksTests */ = {
			isa = PBXNativeTarget;
			buildConfigurationList = FDC47DAF250D5EB2003E0A59 /* Build configuration list for PBXNativeTarget "LandmarksTests" */;
			buildPhases = (
				FDC47D9F250D5EB2003E0A59 /* Sources */,
				FDC47DA0250D5EB2003E0A59 /* Frameworks */,
				FDC47DA1250D5EB2003E0A59 /* Resources */,
			);
			buildRules = (
			);
			dependencies = (
				FDC47DA5250D5EB2003E0A59 /* PBXTargetDependency */,
			);
			name = LandmarksTests;
			productName = LandmarksTests;
			productReference = FDC47DA3250D5EB2003E0A59 /* LandmarksTests.xctest */;
			productType = "com.apple.product-type.bundle.unit-test";
		};
/* End PBXNativeTarget section */

/* Begin PBXProject section */
		FDC47D85250D5EB1003E0A59 /* Project object */ = {
			isa = PBXProject;
			attributes = {
				LastSwiftUpdateCheck = 1160;
				LastUpgradeCheck = 1160;
				ORGANIZATIONNAME = Chauncey;
				TargetAttributes = {
					FDC47D8C250D5EB1003E0A59 = {
						CreatedOnToolsVersion = 11.6;
					};
					FDC47DA2250D5EB2003E0A59 = {
						CreatedOnToolsVersion = 11.6;
						TestTargetID = FDC47D8C250D5EB1003E0A59;
					};
				};
			};
			buildConfigurationList = FDC47D88250D5EB1003E0A59 /* Build configuration list for PBXProject "Landmarks" */;
			compatibilityVersion = "Xcode 9.3";
			developmentRegion = en;
			hasScannedForEncodings = 0;
			knownRegions = (
				en,
				Base,
			);
			mainGroup = FDC47D84250D5EB1003E0A59;
			productRefGroup = FDC47D8E250D5EB1003E0A59 /* Products */;
			projectDirPath = "";
			projectRoot = "";
			targets = (
				FDC47D8C250D5EB1003E0A59 /* Landmarks */,
				FDC47DA2250D5EB2003E0A59 /* LandmarksTests */,
			);
		};
/* End PBXProject section */

/* Begin PBXResourcesBuildPhase section */
		FDC47D8B250D5EB1003E0A59 /* Resources */ = {
			isa = PBXResourcesBuildPhase;
			buildActionMask = 2147483647;
			files = (
				FDC47D9D250D5EB2003E0A59 /* LaunchScreen.storyboard in Resources */,
				FDC47D9A250D5EB2003E0A59 /* Preview Assets.xcassets in Resources */,
				FDC47D97250D5EB2003E0A59 /* Assets.xcassets in Resources */,
			);
			runOnlyForDeploymentPostprocessing = 0;
		};
		FDC47DA1250D5EB2003E0A59 /* Resources */ = {
			isa = PBXResourcesBuildPhase;
			buildActionMask = 2147483647;
			files = (
			);
			runOnlyForDeploymentPostprocessing = 0;
		};
/* End PBXResourcesBuildPhase section */

/* Begin PBXSourcesBuildPhase section */
		FDC47D89250D5EB1003E0A59 /* Sources */ = {
			isa = PBXSourcesBuildPhase;
			buildActionMask = 2147483647;
			files = (
				FDC47D91250D5EB1003E0A59 /* AppDelegate.swift in Sources */,
				FDC47DB3250D61C9003E0A59 /* CircleImage.swift in Sources */,
				FDC47DB5250D62E6003E0A59 /* MapView.swift in Sources */,
				FDC47D93250D5EB1003E0A59 /* SceneDelegate.swift in Sources */,
				FDC47D95250D5EB1003E0A59 /* ContentView.swift in Sources */,
			);
			runOnlyForDeploymentPostprocessing = 0;
		};
		FDC47D9F250D5EB2003E0A59 /* Sources */ = {
			isa = PBXSourcesBuildPhase;
			buildActionMask = 2147483647;
			files = (
				FDC47DA8250D5EB2003E0A59 /* LandmarksTests.swift in Sources */,
			);
			runOnlyForDeploymentPostprocessing = 0;
		};
/* End PBXSourcesBuildPhase section */

/* Begin PBXTargetDependency section */
		FDC47DA5250D5EB2003E0A59 /* PBXTargetDependency */ = {
			isa = PBXTargetDependency;
			target = FDC47D8C250D5EB1003E0A59 /* Landmarks */;
			targetProxy = FDC47DA4250D5EB2003E0A59 /* PBXContainerItemProxy */;
		};
/* End PBXTargetDependency section */

/* Begin PBXVariantGroup section */
		FDC47D9B250D5EB2003E0A59 /* LaunchScreen.storyboard */ = {
			isa = PBXVariantGroup;
			children = (
				FDC47D9C250D5EB2003E0A59 /* Base */,
			);
			name = LaunchScreen.storyboard;
			sourceTree = "<group>";
		};
/* End PBXVariantGroup section */

/* Begin XCBuildConfiguration section */
		FDC47DAA250D5EB2003E0A59 /* Debug */ = {
			isa = XCBuildConfiguration;
			buildSettings = {
				ALWAYS_SEARCH_USER_PATHS = NO;
				CLANG_ANALYZER_NONNULL = YES;
				CLANG_ANALYZER_NUMBER_OBJECT_CONVERSION = YES_AGGRESSIVE;
				CLANG_CXX_LANGUAGE_STANDARD = "gnu++14";
				CLANG_CXX_LIBRARY = "libc++";
				CLANG_ENABLE_MODULES = YES;
				CLANG_ENABLE_OBJC_ARC = YES;
				CLANG_ENABLE_OBJC_WEAK = YES;
				CLANG_WARN_BLOCK_CAPTURE_AUTORELEASING = YES;
				CLANG_WARN_BOOL_CONVERSION = YES;
				CLANG_WARN_COMMA = YES;
				CLANG_WARN_CONSTANT_CONVERSION = YES;
				CLANG_WARN_DEPRECATED_OBJC_IMPLEMENTATIONS = YES;
				CLANG_WARN_DIRECT_OBJC_ISA_USAGE = YES_ERROR;
				CLANG_WARN_DOCUMENTATION_COMMENTS = YES;
				CLANG_WARN_EMPTY_BODY = YES;
				CLANG_WARN_ENUM_CONVERSION = YES;
				CLANG_WARN_INFINITE_RECURSION = YES;
				CLANG_WARN_INT_CONVERSION = YES;
				CLANG_WARN_NON_LITERAL_NULL_CONVERSION = YES;
				CLANG_WARN_OBJC_IMPLICIT_RETAIN_SELF = YES;
				CLANG_WARN_OBJC_LITERAL_CONVERSION = YES;
				CLANG_WARN_OBJC_ROOT_CLASS = YES_ERROR;
				CLANG_WARN_RANGE_LOOP_ANALYSIS = YES;
				CLANG_WARN_STRICT_PROTOTYPES = YES;
				CLANG_WARN_SUSPICIOUS_MOVE = YES;
				CLANG_WARN_UNGUARDED_AVAILABILITY = YES_AGGRESSIVE;
				CLANG_WARN_UNREACHABLE_CODE = YES;
				CLANG_WARN__DUPLICATE_METHOD_MATCH = YES;
				COPY_PHASE_STRIP = NO;
				DEBUG_INFORMATION_FORMAT = dwarf;
				ENABLE_STRICT_OBJC_MSGSEND = YES;
				ENABLE_TESTABILITY = YES;
				GCC_C_LANGUAGE_STANDARD = gnu11;
				GCC_DYNAMIC_NO_PIC = NO;
				GCC_NO_COMMON_BLOCKS = YES;
				GCC_OPTIMIZATION_LEVEL = 0;
				GCC_PREPROCESSOR_DEFINITIONS = (
					"DEBUG=1",
					"$(inherited)",
				);
				GCC_WARN_64_TO_32_BIT_CONVERSION = YES;
				GCC_WARN_ABOUT_RETURN_TYPE = YES_ERROR;
				GCC_WARN_UNDECLARED_SELECTOR = YES;
				GCC_WARN_UNINITIALIZED_AUTOS = YES_AGGRESSIVE;
				GCC_WARN_UNUSED_FUNCTION = YES;
				GCC_WARN_UNUSED_VARIABLE = YES;
				IPHONEOS_DEPLOYMENT_TARGET = 13.6;
				MTL_ENABLE_DEBUG_INFO = INCLUDE_SOURCE;
				MTL_FAST_MATH = YES;
				ONLY_ACTIVE_ARCH = YES;
				SDKROOT = iphoneos;
				SWIFT_ACTIVE_COMPILATION_CONDITIONS = DEBUG;
				SWIFT_OPTIMIZATION_LEVEL = "-Onone";
			};
			name = Debug;
		};
		FDC47DAB250D5EB2003E0A59 /* Release */ = {
			isa = XCBuildConfiguration;
			buildSettings = {
				ALWAYS_SEARCH_USER_PATHS = NO;
				CLANG_ANALYZER_NONNULL = YES;
				CLANG_ANALYZER_NUMBER_OBJECT_CONVERSION = YES_AGGRESSIVE;
				CLANG_CXX_LANGUAGE_STANDARD = "gnu++14";
				CLANG_CXX_LIBRARY = "libc++";
				CLANG_ENABLE_MODULES = YES;
				CLANG_ENABLE_OBJC_ARC = YES;
				CLANG_ENABLE_OBJC_WEAK = YES;
				CLANG_WARN_BLOCK_CAPTURE_AUTORELEASING = YES;
				CLANG_WARN_BOOL_CONVERSION = YES;
				CLANG_WARN_COMMA = YES;
				CLANG_WARN_CONSTANT_CONVERSION = YES;
				CLANG_WARN_DEPRECATED_OBJC_IMPLEMENTATIONS = YES;
				CLANG_WARN_DIRECT_OBJC_ISA_USAGE = YES_ERROR;
				CLANG_WARN_DOCUMENTATION_COMMENTS = YES;
				CLANG_WARN_EMPTY_BODY = YES;
				CLANG_WARN_ENUM_CONVERSION = YES;
				CLANG_WARN_INFINITE_RECURSION = YES;
				CLANG_WARN_INT_CONVERSION = YES;
				CLANG_WARN_NON_LITERAL_NULL_CONVERSION = YES;
				CLANG_WARN_OBJC_IMPLICIT_RETAIN_SELF = YES;
				CLANG_WARN_OBJC_LITERAL_CONVERSION = YES;
				CLANG_WARN_OBJC_ROOT_CLASS = YES_ERROR;
				CLANG_WARN_RANGE_LOOP_ANALYSIS = YES;
				CLANG_WARN_STRICT_PROTOTYPES = YES;
				CLANG_WARN_SUSPICIOUS_MOVE = YES;
				CLANG_WARN_UNGUARDED_AVAILABILITY = YES_AGGRESSIVE;
				CLANG_WARN_UNREACHABLE_CODE = YES;
				CLANG_WARN__DUPLICATE_METHOD_MATCH = YES;
				COPY_PHASE_STRIP = NO;
				DEBUG_INFORMATION_FORMAT = "dwarf-with-dsym";
				ENABLE_NS_ASSERTIONS = NO;
				ENABLE_STRICT_OBJC_MSGSEND = YES;
				GCC_C_LANGUAGE_STANDARD = gnu11;
				GCC_NO_COMMON_BLOCKS = YES;
				GCC_WARN_64_TO_32_BIT_CONVERSION = YES;
				GCC_WARN_ABOUT_RETURN_TYPE = YES_ERROR;
				GCC_WARN_UNDECLARED_SELECTOR = YES;
				GCC_WARN_UNINITIALIZED_AUTOS = YES_AGGRESSIVE;
				GCC_WARN_UNUSED_FUNCTION = YES;
				GCC_WARN_UNUSED_VARIABLE = YES;
				IPHONEOS_DEPLOYMENT_TARGET = 13.6;
				MTL_ENABLE_DEBUG_INFO = NO;
				MTL_FAST_MATH = YES;
				SDKROOT = iphoneos;
				SWIFT_COMPILATION_MODE = wholemodule;
				SWIFT_OPTIMIZATION_LEVEL = "-O";
				VALIDATE_PRODUCT = YES;
			};
			name = Release;
		};
		FDC47DAD250D5EB2003E0A59 /* Debug */ = {
			isa = XCBuildConfiguration;
			buildSettings = {
				ASSETCATALOG_COMPILER_APPICON_NAME = AppIcon;
				CODE_SIGN_STYLE = Automatic;
				DEVELOPMENT_ASSET_PATHS = "\"Landmarks/Preview Content\"";
				DEVELOPMENT_TEAM = 53SFU54BUS;
				ENABLE_PREVIEWS = YES;
				INFOPLIST_FILE = Landmarks/Info.plist;
				LD_RUNPATH_SEARCH_PATHS = (
					"$(inherited)",
					"@executable_path/Frameworks",
				);
				PRODUCT_BUNDLE_IDENTIFIER = chauncey.Landmarks;
				PRODUCT_NAME = "$(TARGET_NAME)";
				SWIFT_VERSION = 5.0;
				TARGETED_DEVICE_FAMILY = "1,2";
			};
			name = Debug;
		};
		FDC47DAE250D5EB2003E0A59 /* Release */ = {
			isa = XCBuildConfiguration;
			buildSettings = {
				ASSETCATALOG_COMPILER_APPICON_NAME = AppIcon;
				CODE_SIGN_STYLE = Automatic;
				DEVELOPMENT_ASSET_PATHS = "\"Landmarks/Preview Content\"";
				DEVELOPMENT_TEAM = 53SFU54BUS;
				ENABLE_PREVIEWS = YES;
				INFOPLIST_FILE = Landmarks/Info.plist;
				LD_RUNPATH_SEARCH_PATHS = (
					"$(inherited)",
					"@executable_path/Frameworks",
				);
				PRODUCT_BUNDLE_IDENTIFIER = chauncey.Landmarks;
				PRODUCT_NAME = "$(TARGET_NAME)";
				SWIFT_VERSION = 5.0;
				TARGETED_DEVICE_FAMILY = "1,2";
			};
			name = Release;
		};
		FDC47DB0250D5EB2003E0A59 /* Debug */ = {
			isa = XCBuildConfiguration;
			buildSettings = {
				ALWAYS_EMBED_SWIFT_STANDARD_LIBRARIES = YES;
				BUNDLE_LOADER = "$(TEST_HOST)";
				CODE_SIGN_STYLE = Automatic;
				DEVELOPMENT_TEAM = 53SFU54BUS;
				INFOPLIST_FILE = LandmarksTests/Info.plist;
				IPHONEOS_DEPLOYMENT_TARGET = 13.6;
				LD_RUNPATH_SEARCH_PATHS = (
					"$(inherited)",
					"@executable_path/Frameworks",
					"@loader_path/Frameworks",
				);
				PRODUCT_BUNDLE_IDENTIFIER = chauncey.LandmarksTests;
				PRODUCT_NAME = "$(TARGET_NAME)";
				SWIFT_VERSION = 5.0;
				TARGETED_DEVICE_FAMILY = "1,2";
				TEST_HOST = "$(BUILT_PRODUCTS_DIR)/Landmarks.app/Landmarks";
			};
			name = Debug;
		};
		FDC47DB1250D5EB2003E0A59 /* Release */ = {
			isa = XCBuildConfiguration;
			buildSettings = {
				ALWAYS_EMBED_SWIFT_STANDARD_LIBRARIES = YES;
				BUNDLE_LOADER = "$(TEST_HOST)";
				CODE_SIGN_STYLE = Automatic;
				DEVELOPMENT_TEAM = 53SFU54BUS;
				INFOPLIST_FILE = LandmarksTests/Info.plist;
				IPHONEOS_DEPLOYMENT_TARGET = 13.6;
				LD_RUNPATH_SEARCH_PATHS = (
					"$(inherited)",
					"@executable_path/Frameworks",
					"@loader_path/Frameworks",
				);
				PRODUCT_BUNDLE_IDENTIFIER = chauncey.LandmarksTests;
				PRODUCT_NAME = "$(TARGET_NAME)";
				SWIFT_VERSION = 5.0;
				TARGETED_DEVICE_FAMILY = "1,2";
				TEST_HOST = "$(BUILT_PRODUCTS_DIR)/Landmarks.app/Landmarks";
			};
			name = Release;
		};
/* End XCBuildConfiguration section */

/* Begin XCConfigurationList section */
		FDC47D88250D5EB1003E0A59 /* Build configuration list for PBXProject "Landmarks" */ = {
			isa = XCConfigurationList;
			buildConfigurations = (
				FDC47DAA250D5EB2003E0A59 /* Debug */,
				FDC47DAB250D5EB2003E0A59 /* Release */,
			);
			defaultConfigurationIsVisible = 0;
			defaultConfigurationName = Release;
		};
		FDC47DAC250D5EB2003E0A59 /* Build configuration list for PBXNativeTarget "Landmarks" */ = {
			isa = XCConfigurationList;
			buildConfigurations = (
				FDC47DAD250D5EB2003E0A59 /* Debug */,
				FDC47DAE250D5EB2003E0A59 /* Release */,
			);
			defaultConfigurationIsVisible = 0;
			defaultConfigurationName = Release;
		};
		FDC47DAF250D5EB2003E0A59 /* Build configuration list for PBXNativeTarget "LandmarksTests" */ = {
			isa = XCConfigurationList;
			buildConfigurations = (
				FDC47DB0250D5EB2003E0A59 /* Debug */,
				FDC47DB1250D5EB2003E0A59 /* Release */,
			);
			defaultConfigurationIsVisible = 0;
			defaultConfigurationName = Release;
		};
/* End XCConfigurationList section */
	};
	rootObject = FDC47D85250D5EB1003E0A59 /* Project object */;
}
